{
    "version": 3,
    "terraform_version": "0.11.14",
    "serial": 7,
    "lineage": "dadb246a-8426-38ba-694b-aad9fce169c7",
    "modules": [
        {
            "path": [
                "root"
            ],
            "outputs": {},
            "resources": {
                "docker_container.foo_dev": {
                    "type": "docker_container",
                    "depends_on": [
                        "docker_image.nginx"
                    ],
                    "primary": {
                        "id": "e25d2b1403685d5689c2e85f1363aaa6612ebff5f7a2ba6382fb704aaa73cb88",
                        "attributes": {
                            "attach": "false",
                            "bridge": "",
                            "gateway": "172.17.0.1",
                            "id": "e25d2b1403685d5689c2e85f1363aaa6612ebff5f7a2ba6382fb704aaa73cb88",
                            "image": "sha256:c7460dfcab502275e9c842588df406444069c00a48d9a995619c243079a4c2f7",
                            "ip_address": "172.17.0.2",
                            "ip_prefix_length": "16",
                            "log_driver": "json-file",
                            "logs": "false",
                            "must_run": "true",
                            "name": "foo_dev",
                            "network_data.#": "1",
                            "network_data.0.gateway": "172.17.0.1",
                            "network_data.0.ip_address": "172.17.0.2",
                            "network_data.0.ip_prefix_length": "16",
                            "network_data.0.network_name": "bridge",
                            "ports.#": "1",
                            "ports.0.external": "3131",
                            "ports.0.internal": "80",
                            "ports.0.ip": "0.0.0.0",
                            "ports.0.protocol": "tcp",
                            "read_only": "false",
                            "restart": "no",
                            "rm": "false",
                            "start": "true"
                        },
                        "meta": {
                            "schema_version": "1"
                        },
                        "tainted": false
                    },
                    "deposed": [],
                    "provider": "provider.docker"
                },
                "docker_image.nginx": {
                    "type": "docker_image",
                    "depends_on": [],
                    "primary": {
                        "id": "sha256:c7460dfcab502275e9c842588df406444069c00a48d9a995619c243079a4c2f7nginx:latest",
                        "attributes": {
                            "id": "sha256:c7460dfcab502275e9c842588df406444069c00a48d9a995619c243079a4c2f7nginx:latest",
                            "latest": "sha256:c7460dfcab502275e9c842588df406444069c00a48d9a995619c243079a4c2f7",
                            "name": "nginx:latest"
                        },
                        "meta": {},
                        "tainted": false
                    },
                    "deposed": [],
                    "provider": "provider.docker"
                }
            },
            "depends_on": []
        }
    ]
}
